
Microsoft Visual Studio Solution File, Format Version 12.00
# Visual Studio Version 17
VisualStudioVersion = 17.8.34316.72
MinimumVisualStudioVersion = 10.0.40219.1
Project("{FAE04EC0-301F-11D3-BF4B-00C04F79EFBC}") = "xadrez-csharp-console", "xadrez-csharp-console.csproj", "{197439BB-83B5-47EF-B25E-B5300569CE9D}"
EndProject
Global
	GlobalSection(SolutionConfigurationPlatforms) = preSolution
		Debug|Any CPU = Debug|Any CPU
		Release|Any CPU = Release|Any CPU
	EndGlobalSection
	GlobalSection(ProjectConfigurationPlatforms) = postSolution
		{197439BB-83B5-47EF-B25E-B5300569CE9D}.Debug|Any CPU.ActiveCfg = Debug|Any CPU
		{197439BB-83B5-47EF-B25E-B5300569CE9D}.Debug|Any CPU.Build.0 = Debug|Any CPU
		{197439BB-83B5-47EF-B25E-B5300569CE9D}.Release|Any CPU.ActiveCfg = Release|Any CPU
		{197439BB-83B5-47EF-B25E-B5300569CE9D}.Release|Any CPU.Build.0 = Release|Any CPU
	EndGlobalSection
	GlobalSection(SolutionProperties) = preSolution
		HideSolutionNode = FALSE
	EndGlobalSection
	GlobalSection(ExtensibilityGlobals) = postSolution
		SolutionGuid = {6B094DB5-5886-49B1-B6C3-CF06C80D58CF}
	EndGlobalSection
EndGlobal
